
Microsoft Visual Studio Solution File, Format Version 12.00
# Visual Studio 15
VisualStudioVersion = 15.0.26730.16
MinimumVisualStudioVersion = 10.0.40219.1
Project("{9A19103F-16F7-4668-BE54-9A1E7A4F7556}") = "ContinuousWeb", "ContinuousWeb\ContinuousWeb.csproj", "{8125F5AC-8032-45F0-891D-DD8678DBA959}"
EndProject
Project("{9A19103F-16F7-4668-BE54-9A1E7A4F7556}") = "ContinuousWeb.Tests", "ContinuousWeb.Tests\ContinuousWeb.Tests.csproj", "{6D50EECD-97B0-4E75-A464-D3BF8C2C9835}"
EndProject
Global
	GlobalSection(SolutionConfigurationPlatforms) = preSolution
		Debug|Any CPU = Debug|Any CPU
		Release|Any CPU = Release|Any CPU
	EndGlobalSection
	GlobalSection(ProjectConfigurationPlatforms) = postSolution
		{8125F5AC-8032-45F0-891D-DD8678DBA959}.Debug|Any CPU.ActiveCfg = Debug|Any CPU
		{8125F5AC-8032-45F0-891D-DD8678DBA959}.Debug|Any CPU.Build.0 = Debug|Any CPU
		{8125F5AC-8032-45F0-891D-DD8678DBA959}.Release|Any CPU.ActiveCfg = Release|Any CPU
		{8125F5AC-8032-45F0-891D-DD8678DBA959}.Release|Any CPU.Build.0 = Release|Any CPU
		{6D50EECD-97B0-4E75-A464-D3BF8C2C9835}.Debug|Any CPU.ActiveCfg = Debug|Any CPU
		{6D50EECD-97B0-4E75-A464-D3BF8C2C9835}.Debug|Any CPU.Build.0 = Debug|Any CPU
		{6D50EECD-97B0-4E75-A464-D3BF8C2C9835}.Release|Any CPU.ActiveCfg = Release|Any CPU
		{6D50EECD-97B0-4E75-A464-D3BF8C2C9835}.Release|Any CPU.Build.0 = Release|Any CPU
	EndGlobalSection
	GlobalSection(SolutionProperties) = preSolution
		HideSolutionNode = FALSE
	EndGlobalSection
	GlobalSection(ExtensibilityGlobals) = postSolution
		SolutionGuid = {AA9E328B-CD60-4A39-AA91-455DF18107F7}
	EndGlobalSection
EndGlobal
